%{
  "binpp": {:hex, :binpp, "1.1.1", "a01060124841ed3a22ed98ddeafc10d14166d2991683d5ce907a3a410559c9ee", [:rebar3], [], "hexpm"},
  "connection": {:hex, :connection, "1.0.4", "a1cae72211f0eef17705aaededacac3eb30e6625b04a6117c1b2db6ace7d5976", [:mix], [], "hexpm"},
  "db_connection": {:hex, :db_connection, "2.0.1", "09454c6c6e8e4295f400b72580b19f0ac68fda2602e209533285206cb99bee6b", [:mix], [{:connection, "~> 1.0.2", [hex: :connection, repo: "hexpm", optional: false]}], "hexpm"},
  "decimal": {:hex, :decimal, "1.5.0", "b0433a36d0e2430e3d50291b1c65f53c37d56f83665b43d79963684865beab68", [:mix], [], "hexpm"},
  "jason": {:hex, :jason, "1.1.2", "b03dedea67a99223a2eaf9f1264ce37154564de899fd3d8b9a21b1a6fd64afe7", [:mix], [{:decimal, "~> 1.0", [hex: :decimal, repo: "hexpm", optional: true]}], "hexpm"},
}
